{
  "name": "@amesh/model-engine-runtime",
  "version": "0.0.0",
  "lockfileVersion": 3,
  "requires": true,
  "packages": {
    "": {
      "name": "@amesh/model-engine-runtime",
      "version": "0.0.0",
      "dependencies": {
        "@github/copilot": "1.0.82",
        "@openai/codex": "0.151.0"
      },
      "engines": {
        "node": ">=22"
      }
    },
    "node_modules/@github/copilot": {
      "version": "1.0.82",
      "resolved": "https://registry.npmjs.org/@github/copilot/-/copilot-1.0.82.tgz",
      "integrity": "sha512-+mDIwBO3dCpL3k2rVLc4+1tFzqcVBTJNA/0co+okEpmCgcHjaz91Cqq7++pJKN5yJQuGC6bKangm7PSoheI1Xw==",
      "license": "SEE LICENSE IN LICENSE.md",
      "dependencies": {
        "detect-libc": "^2.1.2"
      },
      "bin": {
        "copilot": "npm-loader.js"
      },
      "optionalDependencies": {
        "@github/copilot-darwin-arm64": "1.0.82",
        "@github/copilot-darwin-x64": "1.0.82",
        "@github/copilot-linux-arm64": "1.0.82",
        "@github/copilot-linux-x64": "1.0.82",
        "@github/copilot-linuxmusl-arm64": "1.0.82",
        "@github/copilot-linuxmusl-x64": "1.0.82",
        "@github/copilot-win32-arm64": "1.0.82",
        "@github/copilot-win32-x64": "1.0.82"
      }
    },
    "node_modules/@github/copilot-darwin-arm64": {
      "version": "1.0.82",
      "resolved": "https://registry.npmjs.org/@github/copilot-darwin-arm64/-/copilot-darwin-arm64-1.0.82.tgz",
      "integrity": "sha512-UpVSFA0COmlIakAr7/6WJqJlabtKgY8y5en6La3IxGxXsLlbkGoeevSqyfXvqJyHxaGn0YGpOC1oEPL379JfCw==",
      "cpu": [
        "arm64"
      ],
      "license": "SEE LICENSE IN LICENSE.md",
      "optional": true,
      "os": [
        "darwin"
      ],
      "bin": {
        "copilot-darwin-arm64": "copilot"
      }
    },
    "node_modules/@github/copilot-darwin-x64": {
      "version": "1.0.82",
      "resolved": "https://registry.npmjs.org/@github/copilot-darwin-x64/-/copilot-darwin-x64-1.0.82.tgz",
      "integrity": "sha512-wMKbxK8fpKsbATjn9dE31Pae67H1xu6dmaCuyXpXjXLsNPVjeLFszJZ30MAOwxRWz4dmA8VvEJZmLgJekojo2Q==",
      "cpu": [
        "x64"
      ],
      "license": "SEE LICENSE IN LICENSE.md",
      "optional": true,
      "os": [
        "darwin"
      ],
      "bin": {
        "copilot-darwin-x64": "copilot"
      }
    },
    "node_modules/@github/copilot-linux-arm64": {
      "version": "1.0.82",
      "resolved": "https://registry.npmjs.org/@github/copilot-linux-arm64/-/copilot-linux-arm64-1.0.82.tgz",
      "integrity": "sha512-YDQmh0F+GzWORPmNNxQdcjHcXHxcy08dhMhbAhu4cqtMeA2sZWQqhfk9mJhHppMm9U0uR7h0KAB6nsgw/8Bsuw==",
      "cpu": [
        "arm64"
      ],
      "license": "SEE LICENSE IN LICENSE.md",
      "optional": true,
      "os": [
        "linux"
      ],
      "bin": {
        "copilot-linux-arm64": "copilot"
      }
    },
    "node_modules/@github/copilot-linux-x64": {
      "version": "1.0.82",
      "resolved": "https://registry.npmjs.org/@github/copilot-linux-x64/-/copilot-linux-x64-1.0.82.tgz",
      "integrity": "sha512-vqmG9665ktgLHAkGKMjp4uVMdHqLxi8uS9zL+g2pMwZUPoM7JxkaSfOoeyYr99caF7J6VIJTWv4LdRNQyG5jrQ==",
      "cpu": [
        "x64"
      ],
      "license": "SEE LICENSE IN LICENSE.md",
      "optional": true,
      "os": [
        "linux"
      ],
      "bin": {
        "copilot-linux-x64": "copilot"
      }
    },
    "node_modules/@github/copilot-linuxmusl-arm64": {
      "version": "1.0.82",
      "resolved": "https://registry.npmjs.org/@github/copilot-linuxmusl-arm64/-/copilot-linuxmusl-arm64-1.0.82.tgz",
      "integrity": "sha512-14dWfa4rBME55bKmF+Z8V+WzZNgPQZKFFBQX+EOiAgLVV/arQCnQ1m7wwa5oXjQeCIgkS/L9J8uM8jNm6cZbOA==",
      "cpu": [
        "arm64"
      ],
      "license": "SEE LICENSE IN LICENSE.md",
      "optional": true,
      "os": [
        "linux"
      ],
      "bin": {
        "copilot-linuxmusl-arm64": "copilot"
      }
    },
    "node_modules/@github/copilot-linuxmusl-x64": {
      "version": "1.0.82",
      "resolved": "https://registry.npmjs.org/@github/copilot-linuxmusl-x64/-/copilot-linuxmusl-x64-1.0.82.tgz",
      "integrity": "sha512-Mauqa2TBjtB8W/1KXF/jJ4MbtwnLvoEQNHYoSyoX+s+nIpttmixmYBJDwKV89ZlQRdjOCuxOgraRLQ9hjjXvNQ==",
      "cpu": [
        "x64"
      ],
      "license": "SEE LICENSE IN LICENSE.md",
      "optional": true,
      "os": [
        "linux"
      ],
      "bin": {
        "copilot-linuxmusl-x64": "copilot"
      }
    },
    "node_modules/@github/copilot-win32-arm64": {
      "version": "1.0.82",
      "resolved": "https://registry.npmjs.org/@github/copilot-win32-arm64/-/copilot-win32-arm64-1.0.82.tgz",
      "integrity": "sha512-PaW9s0GTgM+svtDkB583dZRrhLrO4o10y2ozMmQ0Hi5eB11C24UdC5U81nFlvKPED7+GlnBJIFQ+oHaxHrnp3A==",
      "cpu": [
        "arm64"
      ],
      "license": "SEE LICENSE IN LICENSE.md",
      "optional": true,
      "os": [
        "win32"
      ],
      "bin": {
        "copilot-win32-arm64": "copilot.exe"
      }
    },
    "node_modules/@github/copilot-win32-x64": {
      "version": "1.0.82",
      "resolved": "https://registry.npmjs.org/@github/copilot-win32-x64/-/copilot-win32-x64-1.0.82.tgz",
      "integrity": "sha512-m4iSROOMEPp1yRIQQwbnO0CDfwB4syESyHoeSLLFuynMR4/ApghAdyBrBQQcTKGsUu3R5rOE64RYlVmyKmuA9A==",
      "cpu": [
        "x64"
      ],
      "license": "SEE LICENSE IN LICENSE.md",
      "optional": true,
      "os": [
        "win32"
      ],
      "bin": {
        "copilot-win32-x64": "copilot.exe"
      }
    },
    "node_modules/@openai/codex": {
      "version": "0.151.0",
      "resolved": "https://registry.npmjs.org/@openai/codex/-/codex-0.151.0.tgz",
      "integrity": "sha512-mhtWmOZRdmWD1jPbLDnQb59BsaVP/V+lXe/OFNR9ZcLZU0UCiBwn98Fcav1ss7sDIlHkuqj6nWd44IPeXoOhJA==",
      "license": "Apache-2.0",
      "bin": {
        "codex": "bin/codex.js"
      },
      "engines": {
        "node": ">=16"
      },
      "optionalDependencies": {
        "@openai/codex-darwin-arm64": "npm:@openai/codex@0.151.0-darwin-arm64",
        "@openai/codex-darwin-x64": "npm:@openai/codex@0.151.0-darwin-x64",
        "@openai/codex-linux-arm64": "npm:@openai/codex@0.151.0-linux-arm64",
        "@openai/codex-linux-x64": "npm:@openai/codex@0.151.0-linux-x64",
        "@openai/codex-win32-arm64": "npm:@openai/codex@0.151.0-win32-arm64",
        "@openai/codex-win32-x64": "npm:@openai/codex@0.151.0-win32-x64"
      }
    },
    "node_modules/@openai/codex-darwin-arm64": {
      "name": "@openai/codex",
      "version": "0.151.0-darwin-arm64",
      "resolved": "https://registry.npmjs.org/@openai/codex/-/codex-0.151.0-darwin-arm64.tgz",
      "integrity": "sha512-g7YzpaCZGCw19R/gly3vRPjnLqaW7JcBAu2WQQ6e8PIlvBPmS/gMplIUURMgNO6gi8LsPzdlQtLqkwoeOOlIdg==",
      "cpu": [
        "arm64"
      ],
      "license": "Apache-2.0",
      "optional": true,
      "os": [
        "darwin"
      ],
      "engines": {
        "node": ">=16"
      }
    },
    "node_modules/@openai/codex-darwin-x64": {
      "name": "@openai/codex",
      "version": "0.151.0-darwin-x64",
      "resolved": "https://registry.npmjs.org/@openai/codex/-/codex-0.151.0-darwin-x64.tgz",
      "integrity": "sha512-0y+g8TVpP+Fn10mjoKYXER6qYjn29w7xBUsbPXJ6Accu/FoM4Qp4WbKXQPmE0G0yUACTQVZRjzTSsdWUezNgkg==",
      "cpu": [
        "x64"
      ],
      "license": "Apache-2.0",
      "optional": true,
      "os": [
        "darwin"
      ],
      "engines": {
        "node": ">=16"
      }
    },
    "node_modules/@openai/codex-linux-arm64": {
      "name": "@openai/codex",
      "version": "0.151.0-linux-arm64",
      "resolved": "https://registry.npmjs.org/@openai/codex/-/codex-0.151.0-linux-arm64.tgz",
      "integrity": "sha512-CsLgFeX4TQ6I2Gdrxd2r5UbgIbDLCdtcLAlnMYjr06bCL057MTNGec7Ewb3+Z2DBiMuXCljdTBGqLOePkMV0sQ==",
      "cpu": [
        "arm64"
      ],
      "license": "Apache-2.0",
      "optional": true,
      "os": [
        "linux"
      ],
      "engines": {
        "node": ">=16"
      }
    },
    "node_modules/@openai/codex-linux-x64": {
      "name": "@openai/codex",
      "version": "0.151.0-linux-x64",
      "resolved": "https://registry.npmjs.org/@openai/codex/-/codex-0.151.0-linux-x64.tgz",
      "integrity": "sha512-xcVyY1FtwvVYhh2JBmz8fX8CQqFAxO/lxJ2IXsh8x5uwxZVHVl5fZHFHf8JdRaOGG0vpkYmu/DKKVoLd56/DDQ==",
      "cpu": [
        "x64"
      ],
      "license": "Apache-2.0",
      "optional": true,
      "os": [
        "linux"
      ],
      "engines": {
        "node": ">=16"
      }
    },
    "node_modules/@openai/codex-win32-arm64": {
      "name": "@openai/codex",
      "version": "0.151.0-win32-arm64",
      "resolved": "https://registry.npmjs.org/@openai/codex/-/codex-0.151.0-win32-arm64.tgz",
      "integrity": "sha512-zDWzOoh9wHm+Om1Nhn7os47rAVeSGPh0SnM3YOttdq6iPJz2zn4vBnbGUZjeih1qW/3mvNF3Oyd4owlaHmphmg==",
      "cpu": [
        "arm64"
      ],
      "license": "Apache-2.0",
      "optional": true,
      "os": [
        "win32"
      ],
      "engines": {
        "node": ">=16"
      }
    },
    "node_modules/@openai/codex-win32-x64": {
      "name": "@openai/codex",
      "version": "0.151.0-win32-x64",
      "resolved": "https://registry.npmjs.org/@openai/codex/-/codex-0.151.0-win32-x64.tgz",
      "integrity": "sha512-sLT7xvID3jhU6tkzcwRPnMEclKRwUPbpo0mtfxIF9KpdZH3VJV7sM2/kXWXyvUM7Zt/YeyOaeATTEysbRz8Yog==",
      "cpu": [
        "x64"
      ],
      "license": "Apache-2.0",
      "optional": true,
      "os": [
        "win32"
      ],
      "engines": {
        "node": ">=16"
      }
    },
    "node_modules/detect-libc": {
      "version": "2.1.2",
      "resolved": "https://registry.npmjs.org/detect-libc/-/detect-libc-2.1.2.tgz",
      "integrity": "sha512-Btj2BOOO83o3WyH59e8MgXsxEQVcarkUOpEYrubB0urwnN10yQ364rsiByU11nZlqWYZm05i/of7io4mzihBtQ==",
      "license": "Apache-2.0",
      "engines": {
        "node": ">=8"
      }
    }
  }
}
